{
  "name": "@nexssp/ensure",
  "version": "1.1.11",
  "lockfileVersion": 1,
  "requires": true,
  "dependencies": {
    "@nexssp/ansi": {
      "version": "1.1.1",
      "resolved": "https://registry.npmjs.org/@nexssp/ansi/-/ansi-1.1.1.tgz",
      "integrity": "sha512-A+LEgohLXR1Xkg6khfcdY4f97fHiBM1AzWhiDgiiSR3Z5uV96Y4lZEf/7NOxQjp3kzRE0Ey7s9mbp4UF0fRksA=="
    },
    "@nexssp/extend": {
      "version": "1.0.9",
      "resolved": "https://registry.npmjs.org/@nexssp/extend/-/extend-1.0.9.tgz",
      "integrity": "sha512-hZcZUOLA+5Xo0jOiqpDJm9yKQT3Y03GITedI5Hs+qgqPNyibxAxfqoG7mmdrS4FausWWGph6PDacbHc1AhQcKA=="
    },
    "@nexssp/logdebug": {
      "version": "1.0.15",
      "resolved": "https://registry.npmjs.org/@nexssp/logdebug/-/logdebug-1.0.15.tgz",
      "integrity": "sha512-ppwiuCD8bSdYPHqBZQI/GJkQdBwuobE7QK7TslrxlnsSHYhru987YXz0u50INoy0fWKWuUpXBSbT6On88t5vPw==",
      "requires": {
        "@nexssp/ansi": "^1.1.1",
        "@nexssp/extend": "^1.0.8"
      }
    },
    "@nexssp/os": {
      "version": "1.0.30",
      "resolved": "https://registry.npmjs.org/@nexssp/os/-/os-1.0.30.tgz",
      "integrity": "sha512-KTj8svpAr50oh/KBX2NMAJ7t1rBSm7WRiCcEKBvW55bK/0W/ZXybQexRxDUk3rT9y8LpGzvXHNuVzeUMADH4oQ=="
    },
    "minimist": {
      "version": "1.2.5",
      "resolved": "https://registry.npmjs.org/minimist/-/minimist-1.2.5.tgz",
      "integrity": "sha512-FM9nNUYrRBAELZQT3xeZQ7fmMOBg6nWNmJKTcgsJeaLstP/UODVpGsr5OhXhhXg6f+qtJ8uiZ+PUxkDWcgIXLw=="
    }
  }
}
